// !$*UTF8*$!
{
	archiveVersion = 1;
	classes = {
	};
	objectVersion = 46;
	objects = {

/* Begin PBXBuildFile section */
		02CF99CA1A3943E90006FB5E /* main.m in Sources */ = {isa = PBXBuildFile; fileRef = 02CF99C91A3943E90006FB5E /* main.m */; };
		02CF99CD1A3943E90006FB5E /* AppDelegate.m in Sources */ = {isa = PBXBuildFile; fileRef = 02CF99CC1A3943E90006FB5E /* AppDelegate.m */; };
		02CF99D01A3943E90006FB5E /* ViewController.m in Sources */ = {isa = PBXBuildFile; fileRef = 02CF99CF1A3943E90006FB5E /* ViewController.m */; };
		02CF99D31A3943E90006FB5E /* Main.storyboard in Resources */ = {isa = PBXBuildFile; fileRef = 02CF99D11A3943E90006FB5E /* Main.storyboard */; };
		02CF99D51A3943E90006FB5E /* Images.xcassets in Resources */ = {isa = PBXBuildFile; fileRef = 02CF99D41A3943E90006FB5E /* Images.xcassets */; };
		02CF99D81A3943E90006FB5E /* LaunchScreen.xib in Resources */ = {isa = PBXBuildFile; fileRef = 02CF99D61A3943E90006FB5E /* LaunchScreen.xib */; };
		02CF99E41A3943E90006FB5E /* FWCollectionDialLayoutTests.m in Sources */ = {isa = PBXBuildFile; fileRef = 02CF99E31A3943E90006FB5E /* FWCollectionDialLayoutTests.m */; };
/* End PBXBuildFile section */

/* Begin PBXContainerItemProxy section */
		02CF99DE1A3943E90006FB5E /* PBXContainerItemProxy */ = {
			isa = PBXContainerItemProxy;
			containerPortal = 02CF99BC1A3943E80006FB5E /* Project object */;
			proxyType = 1;
			remoteGlobalIDString = 02CF99C31A3943E90006FB5E;
			remoteInfo = FWCollectionDialLayout;
		};
/* End PBXContainerItemProxy section */

/* Begin PBXFileReference section */
		02CF99C41A3943E90006FB5E /* FWCollectionDialLayout.app */ = {isa = PBXFileReference; explicitFileType = wrapper.application; includeInIndex = 0; path = FWCollectionDialLayout.app; sourceTree = BUILT_PRODUCTS_DIR; };
		02CF99C81A3943E90006FB5E /* Info.plist */ = {isa = PBXFileReference; lastKnownFileType = text.plist.xml; path = Info.plist; sourceTree = "<group>"; };
		02CF99C91A3943E90006FB5E /* main.m */ = {isa = PBXFileReference; lastKnownFileType = sourcecode.c.objc; path = main.m; sourceTree = "<group>"; };
		02CF99CB1A3943E90006FB5E /* AppDelegate.h */ = {isa = PBXFileReference; lastKnownFileType = sourcecode.c.h; path = AppDelegate.h; sourceTree = "<group>"; };
		02CF99CC1A3943E90006FB5E /* AppDelegate.m */ = {isa = PBXFileReference; lastKnownFileType = sourcecode.c.objc; path = AppDelegate.m; sourceTree = "<group>"; };
		02CF99CE1A3943E90006FB5E /* ViewController.h */ = {isa = PBXFileReference; lastKnownFileType = sourcecode.c.h; path = ViewController.h; sourceTree = "<group>"; };
		02CF99CF1A3943E90006FB5E /* ViewController.m */ = {isa = PBXFileReference; lastKnownFileType = sourcecode.c.objc; path = ViewController.m; sourceTree = "<group>"; };
		02CF99D21A3943E90006FB5E /* Base */ = {isa = PBXFileReference; lastKnownFileType = file.storyboard; name = Base; path = Base.lproj/Main.storyboard; sourceTree = "<group>"; };
		02CF99D41A3943E90006FB5E /* Images.xcassets */ = {isa = PBXFileReference; lastKnownFileType = folder.assetcatalog; path = Images.xcassets; sourceTree = "<group>"; };
		02CF99D71A3943E90006FB5E /* Base */ = {isa = PBXFileReference; lastKnownFileType = file.xib; name = Base; path = Base.lproj/LaunchScreen.xib; sourceTree = "<group>"; };
		02CF99DD1A3943E90006FB5E /* FWCollectionDialLayoutTests.xctest */ = {isa = PBXFileReference; explicitFileType = wrapper.cfbundle; includeInIndex = 0; path = FWCollectionDialLayoutTests.xctest; sourceTree = BUILT_PRODUCTS_DIR; };
		02CF99E21A3943E90006FB5E /* Info.plist */ = {isa = PBXFileReference; lastKnownFileType = text.plist.xml; path = Info.plist; sourceTree = "<group>"; };
		02CF99E31A3943E90006FB5E /* FWCollectionDialLayoutTests.m */ = {isa = PBXFileReference; lastKnownFileType = sourcecode.c.objc; path = FWCollectionDialLayoutTests.m; sourceTree = "<group>"; };
/* End PBXFileReference section */

/* Begin PBXFrameworksBuildPhase section */
		02CF99C11A3943E90006FB5E /* Frameworks */ = {
			isa = PBXFrameworksBuildPhase;
			buildActionMask = 2147483647;
			files = (
			);
			runOnlyForDeploymentPostprocessing = 0;
		};
		02CF99DA1A3943E90006FB5E /* Frameworks */ = {
			isa = PBXFrameworksBuildPhase;
			buildActionMask = 2147483647;
			files = (
			);
			runOnlyForDeploymentPostprocessing = 0;
		};
/* End PBXFrameworksBuildPhase section */

/* Begin PBXGroup section */
		02CF99BB1A3943E80006FB5E = {
			isa = PBXGroup;
			children = (
				02CF99C61A3943E90006FB5E /* FWCollectionDialLayout */,
				02CF99E01A3943E90006FB5E /* FWCollectionDialLayoutTests */,
				02CF99C51A3943E90006FB5E /* Products */,
			);
			sourceTree = "<group>";
		};
		02CF99C51A3943E90006FB5E /* Products */ = {
			isa = PBXGroup;
			children = (
				02CF99C41A3943E90006FB5E /* FWCollectionDialLayout.app */,
				02CF99DD1A3943E90006FB5E /* FWCollectionDialLayoutTests.xctest */,
			);
			name = Products;
			sourceTree = "<group>";
		};
		02CF99C61A3943E90006FB5E /* FWCollectionDialLayout */ = {
			isa = PBXGroup;
			children = (
				02CF99CB1A3943E90006FB5E /* AppDelegate.h */,
				02CF99CC1A3943E90006FB5E /* AppDelegate.m */,
				02CF99CE1A3943E90006FB5E /* ViewController.h */,
				02CF99CF1A3943E90006FB5E /* ViewController.m */,
				02CF99D11A3943E90006FB5E /* Main.storyboard */,
				02CF99D41A3943E90006FB5E /* Images.xcassets */,
				02CF99D61A3943E90006FB5E /* LaunchScreen.xib */,
				02CF99C71A3943E90006FB5E /* Supporting Files */,
			);
			path = FWCollectionDialLayout;
			sourceTree = "<group>";
		};
		02CF99C71A3943E90006FB5E /* Supporting Files */ = {
			isa = PBXGroup;
			children = (
				02CF99C81A3943E90006FB5E /* Info.plist */,
				02CF99C91A3943E90006FB5E /* main.m */,
			);
			name = "Supporting Files";
			sourceTree = "<group>";
		};
		02CF99E01A3943E90006FB5E /* FWCollectionDialLayoutTests */ = {
			isa = PBXGroup;
			children = (
				02CF99E31A3943E90006FB5E /* FWCollectionDialLayoutTests.m */,
				02CF99E11A3943E90006FB5E /* Supporting Files */,
			);
			path = FWCollectionDialLayoutTests;
			sourceTree = "<group>";
		};
		02CF99E11A3943E90006FB5E /* Supporting Files */ = {
			isa = PBXGroup;
			children = (
				02CF99E21A3943E90006FB5E /* Info.plist */,
			);
			name = "Supporting Files";
			sourceTree = "<group>";
		};
/* End PBXGroup section */

/* Begin PBXNativeTarget section */
		02CF99C31A3943E90006FB5E /* FWCollectionDialLayout */ = {
			isa = PBXNativeTarget;
			buildConfigurationList = 02CF99E71A3943E90006FB5E /* Build configuration list for PBXNativeTarget "FWCollectionDialLayout" */;
			buildPhases = (
				02CF99C01A3943E90006FB5E /* Sources */,
				02CF99C11A3943E90006FB5E /* Frameworks */,
				02CF99C21A3943E90006FB5E /* Resources */,
			);
			buildRules = (
			);
			dependencies = (
			);
			name = FWCollectionDialLayout;
			productName = FWCollectionDialLayout;
			productReference = 02CF99C41A3943E90006FB5E /* FWCollectionDialLayout.app */;
			productType = "com.apple.product-type.application";
		};
		02CF99DC1A3943E90006FB5E /* FWCollectionDialLayoutTests */ = {
			isa = PBXNativeTarget;
			buildConfigurationList = 02CF99EA1A3943E90006FB5E /* Build configuration list for PBXNativeTarget "FWCollectionDialLayoutTests" */;
			buildPhases = (
				02CF99D91A3943E90006FB5E /* Sources */,
				02CF99DA1A3943E90006FB5E /* Frameworks */,
				02CF99DB1A3943E90006FB5E /* Resources */,
			);
			buildRules = (
			);
			dependencies = (
				02CF99DF1A3943E90006FB5E /* PBXTargetDependency */,
			);
			name = FWCollectionDialLayoutTests;
			productName = FWCollectionDialLayoutTests;
			productReference = 02CF99DD1A3943E90006FB5E /* FWCollectionDialLayoutTests.xctest */;
			productType = "com.apple.product-type.bundle.unit-test";
		};
/* End PBXNativeTarget section */

/* Begin PBXProject section */
		02CF99BC1A3943E80006FB5E /* Project object */ = {
			isa = PBXProject;
			attributes = {
				LastUpgradeCheck = 0610;
				ORGANIZATIONNAME = CyonLeuInc;
				TargetAttributes = {
					02CF99C31A3943E90006FB5E = {
						CreatedOnToolsVersion = 6.1.1;
					};
					02CF99DC1A3943E90006FB5E = {
						CreatedOnToolsVersion = 6.1.1;
						TestTargetID = 02CF99C31A3943E90006FB5E;
					};
				};
			};
			buildConfigurationList = 02CF99BF1A3943E80006FB5E /* Build configuration list for PBXProject "FWCollectionDialLayout" */;
			compatibilityVersion = "Xcode 3.2";
			developmentRegion = English;
			hasScannedForEncodings = 0;
			knownRegions = (
				en,
				Base,
			);
			mainGroup = 02CF99BB1A3943E80006FB5E;
			productRefGroup = 02CF99C51A3943E90006FB5E /* Products */;
			projectDirPath = "";
			projectRoot = "";
			targets = (
				02CF99C31A3943E90006FB5E /* FWCollectionDialLayout */,
				02CF99DC1A3943E90006FB5E /* FWCollectionDialLayoutTests */,
			);
		};
/* End PBXProject section */

/* Begin PBXResourcesBuildPhase section */
		02CF99C21A3943E90006FB5E /* Resources */ = {
			isa = PBXResourcesBuildPhase;
			buildActionMask = 2147483647;
			files = (
				02CF99D31A3943E90006FB5E /* Main.storyboard in Resources */,
				02CF99D81A3943E90006FB5E /* LaunchScreen.xib in Resources */,
				02CF99D51A3943E90006FB5E /* Images.xcassets in Resources */,
			);
			runOnlyForDeploymentPostprocessing = 0;
		};
		02CF99DB1A3943E90006FB5E /* Resources */ = {
			isa = PBXResourcesBuildPhase;
			buildActionMask = 2147483647;
			files = (
			);
			runOnlyForDeploymentPostprocessing = 0;
		};
/* End PBXResourcesBuildPhase section */

/* Begin PBXSourcesBuildPhase section */
		02CF99C01A3943E90006FB5E /* Sources */ = {
			isa = PBXSourcesBuildPhase;
			buildActionMask = 2147483647;
			files = (
				02CF99D01A3943E90006FB5E /* ViewController.m in Sources */,
				02CF99CD1A3943E90006FB5E /* AppDelegate.m in Sources */,
				02CF99CA1A3943E90006FB5E /* main.m in Sources */,
			);
			runOnlyForDeploymentPostprocessing = 0;
		};
		02CF99D91A3943E90006FB5E /* Sources */ = {
			isa = PBXSourcesBuildPhase;
			buildActionMask = 2147483647;
			files = (
				02CF99E41A3943E90006FB5E /* FWCollectionDialLayoutTests.m in Sources */,
			);
			runOnlyForDeploymentPostprocessing = 0;
		};
/* End PBXSourcesBuildPhase section */

/* Begin PBXTargetDependency section */
		02CF99DF1A3943E90006FB5E /* PBXTargetDependency */ = {
			isa = PBXTargetDependency;
			target = 02CF99C31A3943E90006FB5E /* FWCollectionDialLayout */;
			targetProxy = 02CF99DE1A3943E90006FB5E /* PBXContainerItemProxy */;
		};
/* End PBXTargetDependency section */

/* Begin PBXVariantGroup section */
		02CF99D11A3943E90006FB5E /* Main.storyboard */ = {
			isa = PBXVariantGroup;
			children = (
				02CF99D21A3943E90006FB5E /* Base */,
			);
			name = Main.storyboard;
			sourceTree = "<group>";
		};
		02CF99D61A3943E90006FB5E /* LaunchScreen.xib */ = {
			isa = PBXVariantGroup;
			children = (
				02CF99D71A3943E90006FB5E /* Base */,
			);
			name = LaunchScreen.xib;
			sourceTree = "<group>";
		};
/* End PBXVariantGroup section */

/* Begin XCBuildConfiguration section */
		02CF99E51A3943E90006FB5E /* Debug */ = {
			isa = XCBuildConfiguration;
			buildSettings = {
				ALWAYS_SEARCH_USER_PATHS = NO;
				CLANG_CXX_LANGUAGE_STANDARD = "gnu++0x";
				CLANG_CXX_LIBRARY = "libc++";
				CLANG_ENABLE_MODULES = YES;
				CLANG_ENABLE_OBJC_ARC = YES;
				CLANG_WARN_BOOL_CONVERSION = YES;
				CLANG_WARN_CONSTANT_CONVERSION = YES;
				CLANG_WARN_DIRECT_OBJC_ISA_USAGE = YES_ERROR;
				CLANG_WARN_EMPTY_BODY = YES;
				CLANG_WARN_ENUM_CONVERSION = YES;
				CLANG_WARN_INT_CONVERSION = YES;
				CLANG_WARN_OBJC_ROOT_CLASS = YES_ERROR;
				CLANG_WARN_UNREACHABLE_CODE = YES;
				CLANG_WARN__DUPLICATE_METHOD_MATCH = YES;
				"CODE_SIGN_IDENTITY[sdk=iphoneos*]" = "iPhone Developer";
				COPY_PHASE_STRIP = NO;
				ENABLE_STRICT_OBJC_MSGSEND = YES;
				GCC_C_LANGUAGE_STANDARD = gnu99;
				GCC_DYNAMIC_NO_PIC = NO;
				GCC_OPTIMIZATION_LEVEL = 0;
				GCC_PREPROCESSOR_DEFINITIONS = (
					"DEBUG=1",
					"$(inherited)",
				);
				GCC_SYMBOLS_PRIVATE_EXTERN = NO;
				GCC_WARN_64_TO_32_BIT_CONVERSION = YES;
				GCC_WARN_ABOUT_RETURN_TYPE = YES_ERROR;
				GCC_WARN_UNDECLARED_SELECTOR = YES;
				GCC_WARN_UNINITIALIZED_AUTOS = YES_AGGRESSIVE;
				GCC_WARN_UNUSED_FUNCTION = YES;
				GCC_WARN_UNUSED_VARIABLE = YES;
				IPHONEOS_DEPLOYMENT_TARGET = 8.1;
				MTL_ENABLE_DEBUG_INFO = YES;
				ONLY_ACTIVE_ARCH = YES;
				SDKROOT = iphoneos;
				TARGETED_DEVICE_FAMILY = "1,2";
			};
			name = Debug;
		};
		02CF99E61A3943E90006FB5E /* Release */ = {
			isa = XCBuildConfiguration;
			buildSettings = {
				ALWAYS_SEARCH_USER_PATHS = NO;
				CLANG_CXX_LANGUAGE_STANDARD = "gnu++0x";
				CLANG_CXX_LIBRARY = "libc++";
				CLANG_ENABLE_MODULES = YES;
				CLANG_ENABLE_OBJC_ARC = YES;
				CLANG_WARN_BOOL_CONVERSION = YES;
				CLANG_WARN_CONSTANT_CONVERSION = YES;
				CLANG_WARN_DIRECT_OBJC_ISA_USAGE = YES_ERROR;
				CLANG_WARN_EMPTY_BODY = YES;
				CLANG_WARN_ENUM_CONVERSION = YES;
				CLANG_WARN_INT_CONVERSION = YES;
				CLANG_WARN_OBJC_ROOT_CLASS = YES_ERROR;
				CLANG_WARN_UNREACHABLE_CODE = YES;
				CLANG_WARN__DUPLICATE_METHOD_MATCH = YES;
				"CODE_SIGN_IDENTITY[sdk=iphoneos*]" = "iPhone Developer";
				COPY_PHASE_STRIP = YES;
				ENABLE_NS_ASSERTIONS = NO;
				ENABLE_STRICT_OBJC_MSGSEND = YES;
				GCC_C_LANGUAGE_STANDARD = gnu99;
				GCC_WARN_64_TO_32_BIT_CONVERSION = YES;
				GCC_WARN_ABOUT_RETURN_TYPE = YES_ERROR;
				GCC_WARN_UNDECLARED_SELECTOR = YES;
				GCC_WARN_UNINITIALIZED_AUTOS = YES_AGGRESSIVE;
				GCC_WARN_UNUSED_FUNCTION = YES;
				GCC_WARN_UNUSED_VARIABLE = YES;
				IPHONEOS_DEPLOYMENT_TARGET = 8.1;
				MTL_ENABLE_DEBUG_INFO = NO;
				SDKROOT = iphoneos;
				TARGETED_DEVICE_FAMILY = "1,2";
				VALIDATE_PRODUCT = YES;
			};
			name = Release;
		};
		02CF99E81A3943E90006FB5E /* Debug */ = {
			isa = XCBuildConfiguration;
			buildSettings = {
				ASSETCATALOG_COMPILER_APPICON_NAME = AppIcon;
				INFOPLIST_FILE = FWCollectionDialLayout/Info.plist;
				LD_RUNPATH_SEARCH_PATHS = "$(inherited) @executable_path/Frameworks";
				PRODUCT_NAME = "$(TARGET_NAME)";
			};
			name = Debug;
		};
		02CF99E91A3943E90006FB5E /* Release */ = {
			isa = XCBuildConfiguration;
			buildSettings = {
				ASSETCATALOG_COMPILER_APPICON_NAME = AppIcon;
				INFOPLIST_FILE = FWCollectionDialLayout/Info.plist;
				LD_RUNPATH_SEARCH_PATHS = "$(inherited) @executable_path/Frameworks";
				PRODUCT_NAME = "$(TARGET_NAME)";
			};
			name = Release;
		};
		02CF99EB1A3943E90006FB5E /* Debug */ = {
			isa = XCBuildConfiguration;
			buildSettings = {
				BUNDLE_LOADER = "$(TEST_HOST)";
				FRAMEWORK_SEARCH_PATHS = (
					"$(SDKROOT)/Developer/Library/Frameworks",
					"$(inherited)",
				);
				GCC_PREPROCESSOR_DEFINITIONS = (
					"DEBUG=1",
					"$(inherited)",
				);
				INFOPLIST_FILE = FWCollectionDialLayoutTests/Info.plist;
				LD_RUNPATH_SEARCH_PATHS = "$(inherited) @executable_path/Frameworks @loader_path/Frameworks";
				PRODUCT_NAME = "$(TARGET_NAME)";
				TEST_HOST = "$(BUILT_PRODUCTS_DIR)/FWCollectionDialLayout.app/FWCollectionDialLayout";
			};
			name = Debug;
		};
		02CF99EC1A3943E90006FB5E /* Release */ = {
			isa = XCBuildConfiguration;
			buildSettings = {
				BUNDLE_LOADER = "$(TEST_HOST)";
				FRAMEWORK_SEARCH_PATHS = (
					"$(SDKROOT)/Developer/Library/Frameworks",
					"$(inherited)",
				);
				INFOPLIST_FILE = FWCollectionDialLayoutTests/Info.plist;
				LD_RUNPATH_SEARCH_PATHS = "$(inherited) @executable_path/Frameworks @loader_path/Frameworks";
				PRODUCT_NAME = "$(TARGET_NAME)";
				TEST_HOST = "$(BUILT_PRODUCTS_DIR)/FWCollectionDialLayout.app/FWCollectionDialLayout";
			};
			name = Release;
		};
/* End XCBuildConfiguration section */

/* Begin XCConfigurationList section */
		02CF99BF1A3943E80006FB5E /* Build configuration list for PBXProject "FWCollectionDialLayout" */ = {
			isa = XCConfigurationList;
			buildConfigurations = (
				02CF99E51A3943E90006FB5E /* Debug */,
				02CF99E61A3943E90006FB5E /* Release */,
			);
			defaultConfigurationIsVisible = 0;
			defaultConfigurationName = Release;
		};
		02CF99E71A3943E90006FB5E /* Build configuration list for PBXNativeTarget "FWCollectionDialLayout" */ = {
			isa = XCConfigurationList;
			buildConfigurations = (
				02CF99E81A3943E90006FB5E /* Debug */,
				02CF99E91A3943E90006FB5E /* Release */,
			);
			defaultConfigurationIsVisible = 0;
		};
		02CF99EA1A3943E90006FB5E /* Build configuration list for PBXNativeTarget "FWCollectionDialLayoutTests" */ = {
			isa = XCConfigurationList;
			buildConfigurations = (
				02CF99EB1A3943E90006FB5E /* Debug */,
				02CF99EC1A3943E90006FB5E /* Release */,
			);
			defaultConfigurationIsVisible = 0;
		};
/* End XCConfigurationList section */
	};
	rootObject = 02CF99BC1A3943E80006FB5E /* Project object */;
}
